{
  "version": 4,
  "terraform_version": "0.13.0",
  "serial": 1,
  "lineage": "437352eb-d4c5-0bb0-0350-7c780fe1b202",
  "outputs": {},
  "resources": [
    {
      "mode": "managed",
      "type": "digitalocean_droplet",
      "name": "server-1",
      "provider": "provider[\"registry.terraform.io/terraform-providers/digitalocean\"]",
      "instances": [
        {
          "schema_version": 1,
          "attributes": {
            "backups": false,
            "created_at": "2020-08-18T15:37:09Z",
            "disk": 25,
            "id": "204425776",
            "image": "ubuntu-18-04-x64",
            "ipv4_address": "165.22.234.240",
            "ipv4_address_private": "10.137.0.2",
            "ipv6": false,
            "ipv6_address": "",
            "ipv6_address_private": null,
            "locked": false,
            "memory": 1024,
            "monitoring": false,
            "name": "server-1",
            "price_hourly": 0.00744,
            "price_monthly": 5,
            "private_networking": true,
            "region": "tor1",
            "resize_disk": true,
            "size": "s-1vcpu-1gb",
            "ssh_keys": [
              "cf:92:34:d4:ce:55:44:6e:ea:10:6e:0d:cf:bd:a3:53"
            ],
            "status": "active",
            "tags": null,
            "urn": "do:droplet:204425776",
            "user_data": null,
            "vcpus": 1,
            "volume_ids": [],
            "vpc_uuid": "394eec19-dc7f-11e8-b1a9-3cfdfea9ee58"
          },
          "private": "eyJzY2hlbWFfdmVyc2lvbiI6IjEifQ=="
        }
      ]
    }
  ]
}
